
Microsoft Visual Studio Solution File, Format Version 12.00
# Visual Studio 15
VisualStudioVersion = 15.0.28010.2041
MinimumVisualStudioVersion = 10.0.40219.1
Project("{FAE04EC0-301F-11D3-BF4B-00C04F79EFBC}") = "Koben.ConditionalDisplayers", "Koben.ConditionalDisplayers.csproj", "{965CDF4C-043F-4AED-AB61-1D61B9FF6489}"
EndProject
Project("{2150E333-8FDC-42A3-9474-1A3956D46DE8}") = "Solutions files", "Solutions files", "{79D21C82-5E36-4000-AA4E-EBDE82730D16}"
	ProjectSection(SolutionItems) = preProject
		..\..\README.md = ..\..\README.md
	EndProjectSection
EndProject
Project("{FAE04EC0-301F-11D3-BF4B-00C04F79EFBC}") = "TestWeb", "..\TestWeb\TestWeb.csproj", "{26D89895-14E2-4652-AC0E-C2AD2FC28864}"
EndProject
Global
	GlobalSection(SolutionConfigurationPlatforms) = preSolution
		Debug|Any CPU = Debug|Any CPU
		Release|Any CPU = Release|Any CPU
	EndGlobalSection
	GlobalSection(ProjectConfigurationPlatforms) = postSolution
		{965CDF4C-043F-4AED-AB61-1D61B9FF6489}.Debug|Any CPU.ActiveCfg = Debug|Any CPU
		{965CDF4C-043F-4AED-AB61-1D61B9FF6489}.Debug|Any CPU.Build.0 = Debug|Any CPU
		{965CDF4C-043F-4AED-AB61-1D61B9FF6489}.Release|Any CPU.ActiveCfg = Release|Any CPU
		{965CDF4C-043F-4AED-AB61-1D61B9FF6489}.Release|Any CPU.Build.0 = Release|Any CPU
		{26D89895-14E2-4652-AC0E-C2AD2FC28864}.Debug|Any CPU.ActiveCfg = Debug|Any CPU
		{26D89895-14E2-4652-AC0E-C2AD2FC28864}.Debug|Any CPU.Build.0 = Debug|Any CPU
		{26D89895-14E2-4652-AC0E-C2AD2FC28864}.Release|Any CPU.ActiveCfg = Release|Any CPU
		{26D89895-14E2-4652-AC0E-C2AD2FC28864}.Release|Any CPU.Build.0 = Release|Any CPU
	EndGlobalSection
	GlobalSection(SolutionProperties) = preSolution
		HideSolutionNode = FALSE
	EndGlobalSection
	GlobalSection(ExtensibilityGlobals) = postSolution
		SolutionGuid = {30A69C41-FB85-497B-BDE2-1E019EC8AF19}
	EndGlobalSection
EndGlobal
