
Microsoft Visual Studio Solution File, Format Version 12.00
# Visual Studio Version 16
VisualStudioVersion = 16.0.29009.5
MinimumVisualStudioVersion = 10.0.40219.1
Project("{FAE04EC0-301F-11D3-BF4B-00C04F79EFBC}") = "ConditionalDisplayers", "ConditionalDisplayers.csproj", "{CA7F24CD-805C-405E-9ED5-ADF24536EB6B}"
EndProject
Project("{2150E333-8FDC-42A3-9474-1A3956D46DE8}") = "Solution Items", "Solution Items", "{81091548-B0A3-4CF2-8F66-810EFA726409}"
	ProjectSection(SolutionItems) = preProject
		..\..\README.md = ..\..\README.md
	EndProjectSection
EndProject
Global
	GlobalSection(SolutionConfigurationPlatforms) = preSolution
		Debug|Any CPU = Debug|Any CPU
		Release|Any CPU = Release|Any CPU
	EndGlobalSection
	GlobalSection(ProjectConfigurationPlatforms) = postSolution
		{CA7F24CD-805C-405E-9ED5-ADF24536EB6B}.Debug|Any CPU.ActiveCfg = Debug|Any CPU
		{CA7F24CD-805C-405E-9ED5-ADF24536EB6B}.Debug|Any CPU.Build.0 = Debug|Any CPU
		{CA7F24CD-805C-405E-9ED5-ADF24536EB6B}.Release|Any CPU.ActiveCfg = Release|Any CPU
		{CA7F24CD-805C-405E-9ED5-ADF24536EB6B}.Release|Any CPU.Build.0 = Release|Any CPU
	EndGlobalSection
	GlobalSection(SolutionProperties) = preSolution
		HideSolutionNode = FALSE
	EndGlobalSection
	GlobalSection(ExtensibilityGlobals) = postSolution
		SolutionGuid = {8EC30797-DF5F-4983-A9D0-1D5DD027682D}
	EndGlobalSection
EndGlobal
